
Microsoft Visual Studio Solution File, Format Version 12.00
# Visual Studio Version 17
VisualStudioVersion = 17.7.34024.191
MinimumVisualStudioVersion = 10.0.40219.1
Project("{FAE04EC0-301F-11D3-BF4B-00C04F79EFBC}") = "EducationPortal.UI", "EducationPortal.UI\EducationPortal.UI.csproj", "{69C92D5C-A241-4DF8-B73D-A1D252994FC0}"
EndProject
Project("{FAE04EC0-301F-11D3-BF4B-00C04F79EFBC}") = "EducationPortal.API", "EducationPortal.API\EducationPortal.API.csproj", "{88AC4EB5-35B8-446E-9B70-06E4F5905531}"
EndProject
Project("{FAE04EC0-301F-11D3-BF4B-00C04F79EFBC}") = "EducationPortal.Entity", "EducationPortal.Entity\EducationPortal.Entity.csproj", "{D89B7197-2F09-43F7-ACB6-304083A79E95}"
EndProject
Project("{FAE04EC0-301F-11D3-BF4B-00C04F79EFBC}") = "EducationPortal.DataAccess", "EducationPortal.DataAccess\EducationPortal.DataAccess.csproj", "{F1BA866D-E596-4389-8318-980E59ABB91B}"
EndProject
Project("{FAE04EC0-301F-11D3-BF4B-00C04F79EFBC}") = "EducationPortal.Business", "EducationPortal.Business\EducationPortal.Business.csproj", "{4792CE8D-C50E-4CA7-99F5-D05C689BF1E5}"
EndProject
Global
	GlobalSection(SolutionConfigurationPlatforms) = preSolution
		Debug|Any CPU = Debug|Any CPU
		Release|Any CPU = Release|Any CPU
	EndGlobalSection
	GlobalSection(ProjectConfigurationPlatforms) = postSolution
		{69C92D5C-A241-4DF8-B73D-A1D252994FC0}.Debug|Any CPU.ActiveCfg = Debug|Any CPU
		{69C92D5C-A241-4DF8-B73D-A1D252994FC0}.Debug|Any CPU.Build.0 = Debug|Any CPU
		{69C92D5C-A241-4DF8-B73D-A1D252994FC0}.Release|Any CPU.ActiveCfg = Release|Any CPU
		{69C92D5C-A241-4DF8-B73D-A1D252994FC0}.Release|Any CPU.Build.0 = Release|Any CPU
		{88AC4EB5-35B8-446E-9B70-06E4F5905531}.Debug|Any CPU.ActiveCfg = Debug|Any CPU
		{88AC4EB5-35B8-446E-9B70-06E4F5905531}.Debug|Any CPU.Build.0 = Debug|Any CPU
		{88AC4EB5-35B8-446E-9B70-06E4F5905531}.Release|Any CPU.ActiveCfg = Release|Any CPU
		{88AC4EB5-35B8-446E-9B70-06E4F5905531}.Release|Any CPU.Build.0 = Release|Any CPU
		{D89B7197-2F09-43F7-ACB6-304083A79E95}.Debug|Any CPU.ActiveCfg = Debug|Any CPU
		{D89B7197-2F09-43F7-ACB6-304083A79E95}.Debug|Any CPU.Build.0 = Debug|Any CPU
		{D89B7197-2F09-43F7-ACB6-304083A79E95}.Release|Any CPU.ActiveCfg = Release|Any CPU
		{D89B7197-2F09-43F7-ACB6-304083A79E95}.Release|Any CPU.Build.0 = Release|Any CPU
		{F1BA866D-E596-4389-8318-980E59ABB91B}.Debug|Any CPU.ActiveCfg = Debug|Any CPU
		{F1BA866D-E596-4389-8318-980E59ABB91B}.Debug|Any CPU.Build.0 = Debug|Any CPU
		{F1BA866D-E596-4389-8318-980E59ABB91B}.Release|Any CPU.ActiveCfg = Release|Any CPU
		{F1BA866D-E596-4389-8318-980E59ABB91B}.Release|Any CPU.Build.0 = Release|Any CPU
		{4792CE8D-C50E-4CA7-99F5-D05C689BF1E5}.Debug|Any CPU.ActiveCfg = Debug|Any CPU
		{4792CE8D-C50E-4CA7-99F5-D05C689BF1E5}.Debug|Any CPU.Build.0 = Debug|Any CPU
		{4792CE8D-C50E-4CA7-99F5-D05C689BF1E5}.Release|Any CPU.ActiveCfg = Release|Any CPU
		{4792CE8D-C50E-4CA7-99F5-D05C689BF1E5}.Release|Any CPU.Build.0 = Release|Any CPU
	EndGlobalSection
	GlobalSection(SolutionProperties) = preSolution
		HideSolutionNode = FALSE
	EndGlobalSection
	GlobalSection(ExtensibilityGlobals) = postSolution
		SolutionGuid = {8C5942B1-D734-4E29-9D70-58947679AEAA}
	EndGlobalSection
EndGlobal
